
Microsoft Visual Studio Solution File, Format Version 12.00
# Visual Studio 15
VisualStudioVersion = 15.0.28307.489
MinimumVisualStudioVersion = 10.0.40219.1
Project("{9A19103F-16F7-4668-BE54-9A1E7A4F7556}") = "CasaDoCodigo.MVC", "depois\Item00\CasaDoCodigo\CasaDoCodigo.MVC.csproj", "{5AAF4BC4-B619-4416-B11A-59988D52F122}"
EndProject
Project("{2150E333-8FDC-42A3-9474-1A3956D46DE8}") = "antes", "antes", "{C89FD6DA-BEF4-413E-AFA1-16DC213174C1}"
EndProject
Project("{2150E333-8FDC-42A3-9474-1A3956D46DE8}") = "depois", "depois", "{43B5A8C4-6DF1-4822-A762-8F6E81D7A50D}"
EndProject
Project("{2150E333-8FDC-42A3-9474-1A3956D46DE8}") = "Item00 - O Projeto Inicial", "Item00 - O Projeto Inicial", "{F27E3D4C-1B88-402F-AAE3-BF748893E5C2}"
EndProject
Project("{2150E333-8FDC-42A3-9474-1A3956D46DE8}") = "Item01 - Criando Web API de Relatório", "Item01 - Criando Web API de Relatório", "{72B759CE-806F-4BBF-A261-174C1AD83041}"
EndProject
Project("{9A19103F-16F7-4668-BE54-9A1E7A4F7556}") = "CasaDoCodigo.MVC", "depois\Item01\CasaDoCodigo\CasaDoCodigo.MVC.csproj", "{7DFA14E1-4CF5-4017-AED5-4A1A5776DE90}"
EndProject
Project("{9A19103F-16F7-4668-BE54-9A1E7A4F7556}") = "CasaDoCodigo.RelatorioWebAPI", "depois\Item01\CasaDoCodigo.Relatorio\CasaDoCodigo.RelatorioWebAPI.csproj", "{04CCA19E-4678-4455-A18F-B3CDD6128A2C}"
EndProject
Project("{2150E333-8FDC-42A3-9474-1A3956D46DE8}") = "Item02 - Consumindo Web API de Relatório", "Item02 - Consumindo Web API de Relatório", "{A0889814-0B50-47B8-BD35-AEB581078BF6}"
EndProject
Project("{9A19103F-16F7-4668-BE54-9A1E7A4F7556}") = "CasaDoCodigo.MVC", "depois\Item02\CasaDoCodigo\CasaDoCodigo.MVC.csproj", "{EC2737E4-5AC9-4087-ACB4-EB43366D7EB8}"
EndProject
Project("{9A19103F-16F7-4668-BE54-9A1E7A4F7556}") = "CasaDoCodigo.RelatorioWebAPI", "depois\Item02\CasaDoCodigo.Relatorio\CasaDoCodigo.RelatorioWebAPI.csproj", "{13903AFC-69FA-4951-B586-86E7C330AB81}"
EndProject
Project("{2150E333-8FDC-42A3-9474-1A3956D46DE8}") = "Item03 - Criando Projeto IdentityServer4", "Item03 - Criando Projeto IdentityServer4", "{E3331084-A0AE-4D4D-9AB3-792D214B8975}"
EndProject
Project("{9A19103F-16F7-4668-BE54-9A1E7A4F7556}") = "CasaDoCodigo.MVC", "depois\Item03\CasaDoCodigo\CasaDoCodigo.MVC.csproj", "{305A0E0C-35FD-4733-8FE9-6AACB6B12EB4}"
EndProject
Project("{9A19103F-16F7-4668-BE54-9A1E7A4F7556}") = "CasaDoCodigo.RelatorioWebAPI", "depois\Item03\CasaDoCodigo.Relatorio\CasaDoCodigo.RelatorioWebAPI.csproj", "{11F62584-EE13-4FF2-92B9-EA6373E17312}"
EndProject
Project("{9A19103F-16F7-4668-BE54-9A1E7A4F7556}") = "CasaDoCodigo.Identity", "depois\Item03\CasaDoCodigo.Identity\CasaDoCodigo.Identity.csproj", "{A31D760D-D072-4B25-9CB4-086A1BD0318E}"
EndProject
Project("{2150E333-8FDC-42A3-9474-1A3956D46DE8}") = "Item04 - Configurando Identity + Cliente MVC", "Item04 - Configurando Identity + Cliente MVC", "{41C7AAA6-C378-4BB4-97D9-0CDADBC90624}"
EndProject
Project("{9A19103F-16F7-4668-BE54-9A1E7A4F7556}") = "CasaDoCodigo.MVC", "depois\Item04\CasaDoCodigo\CasaDoCodigo.MVC.csproj", "{F0DDB902-29D6-44C3-8E87-CBF43B96BD12}"
EndProject
Project("{9A19103F-16F7-4668-BE54-9A1E7A4F7556}") = "CasaDoCodigo.Identity", "depois\Item04\CasaDoCodigo.Identity\CasaDoCodigo.Identity.csproj", "{BC7E5585-7877-47D3-AB16-05C35668ACCE}"
EndProject
Project("{9A19103F-16F7-4668-BE54-9A1E7A4F7556}") = "CasaDoCodigo.RelatorioWebAPI", "depois\Item04\CasaDoCodigo.Relatorio\CasaDoCodigo.RelatorioWebAPI.csproj", "{D41DDDCF-940D-42C9-B225-9B0B52261481}"
EndProject
Project("{2150E333-8FDC-42A3-9474-1A3956D46DE8}") = "Item05 - Usando Token de Acesso", "Item05 - Usando Token de Acesso", "{D6D47E9F-865E-4FDE-94D5-1B19DE295054}"
EndProject
Project("{9A19103F-16F7-4668-BE54-9A1E7A4F7556}") = "CasaDoCodigo.MVC", "depois\Item05\CasaDoCodigo\CasaDoCodigo.MVC.csproj", "{4012619A-B30F-4BDC-8285-F62E692FC9F2}"
EndProject
Project("{9A19103F-16F7-4668-BE54-9A1E7A4F7556}") = "CasaDoCodigo.Identity", "depois\Item05\CasaDoCodigo.Identity\CasaDoCodigo.Identity.csproj", "{5D25EE2F-8D8C-49EB-83EF-0922947E395C}"
EndProject
Project("{9A19103F-16F7-4668-BE54-9A1E7A4F7556}") = "CasaDoCodigo.RelatorioWebAPI", "depois\Item05\CasaDoCodigo.Relatorio\CasaDoCodigo.RelatorioWebAPI.csproj", "{0AD0C9B9-7137-4852-8D7B-590E6D56A8A6}"
EndProject
Global
	GlobalSection(SolutionConfigurationPlatforms) = preSolution
		Debug|Any CPU = Debug|Any CPU
		Release|Any CPU = Release|Any CPU
	EndGlobalSection
	GlobalSection(ProjectConfigurationPlatforms) = postSolution
		{5AAF4BC4-B619-4416-B11A-59988D52F122}.Debug|Any CPU.ActiveCfg = Debug|Any CPU
		{5AAF4BC4-B619-4416-B11A-59988D52F122}.Debug|Any CPU.Build.0 = Debug|Any CPU
		{5AAF4BC4-B619-4416-B11A-59988D52F122}.Release|Any CPU.ActiveCfg = Release|Any CPU
		{5AAF4BC4-B619-4416-B11A-59988D52F122}.Release|Any CPU.Build.0 = Release|Any CPU
		{7DFA14E1-4CF5-4017-AED5-4A1A5776DE90}.Debug|Any CPU.ActiveCfg = Debug|Any CPU
		{7DFA14E1-4CF5-4017-AED5-4A1A5776DE90}.Debug|Any CPU.Build.0 = Debug|Any CPU
		{7DFA14E1-4CF5-4017-AED5-4A1A5776DE90}.Release|Any CPU.ActiveCfg = Release|Any CPU
		{7DFA14E1-4CF5-4017-AED5-4A1A5776DE90}.Release|Any CPU.Build.0 = Release|Any CPU
		{04CCA19E-4678-4455-A18F-B3CDD6128A2C}.Debug|Any CPU.ActiveCfg = Debug|Any CPU
		{04CCA19E-4678-4455-A18F-B3CDD6128A2C}.Debug|Any CPU.Build.0 = Debug|Any CPU
		{04CCA19E-4678-4455-A18F-B3CDD6128A2C}.Release|Any CPU.ActiveCfg = Release|Any CPU
		{04CCA19E-4678-4455-A18F-B3CDD6128A2C}.Release|Any CPU.Build.0 = Release|Any CPU
		{EC2737E4-5AC9-4087-ACB4-EB43366D7EB8}.Debug|Any CPU.ActiveCfg = Debug|Any CPU
		{EC2737E4-5AC9-4087-ACB4-EB43366D7EB8}.Debug|Any CPU.Build.0 = Debug|Any CPU
		{EC2737E4-5AC9-4087-ACB4-EB43366D7EB8}.Release|Any CPU.ActiveCfg = Release|Any CPU
		{EC2737E4-5AC9-4087-ACB4-EB43366D7EB8}.Release|Any CPU.Build.0 = Release|Any CPU
		{13903AFC-69FA-4951-B586-86E7C330AB81}.Debug|Any CPU.ActiveCfg = Debug|Any CPU
		{13903AFC-69FA-4951-B586-86E7C330AB81}.Debug|Any CPU.Build.0 = Debug|Any CPU
		{13903AFC-69FA-4951-B586-86E7C330AB81}.Release|Any CPU.ActiveCfg = Release|Any CPU
		{13903AFC-69FA-4951-B586-86E7C330AB81}.Release|Any CPU.Build.0 = Release|Any CPU
		{305A0E0C-35FD-4733-8FE9-6AACB6B12EB4}.Debug|Any CPU.ActiveCfg = Debug|Any CPU
		{305A0E0C-35FD-4733-8FE9-6AACB6B12EB4}.Debug|Any CPU.Build.0 = Debug|Any CPU
		{305A0E0C-35FD-4733-8FE9-6AACB6B12EB4}.Release|Any CPU.ActiveCfg = Release|Any CPU
		{305A0E0C-35FD-4733-8FE9-6AACB6B12EB4}.Release|Any CPU.Build.0 = Release|Any CPU
		{11F62584-EE13-4FF2-92B9-EA6373E17312}.Debug|Any CPU.ActiveCfg = Debug|Any CPU
		{11F62584-EE13-4FF2-92B9-EA6373E17312}.Debug|Any CPU.Build.0 = Debug|Any CPU
		{11F62584-EE13-4FF2-92B9-EA6373E17312}.Release|Any CPU.ActiveCfg = Release|Any CPU
		{11F62584-EE13-4FF2-92B9-EA6373E17312}.Release|Any CPU.Build.0 = Release|Any CPU
		{A31D760D-D072-4B25-9CB4-086A1BD0318E}.Debug|Any CPU.ActiveCfg = Debug|Any CPU
		{A31D760D-D072-4B25-9CB4-086A1BD0318E}.Debug|Any CPU.Build.0 = Debug|Any CPU
		{A31D760D-D072-4B25-9CB4-086A1BD0318E}.Release|Any CPU.ActiveCfg = Release|Any CPU
		{A31D760D-D072-4B25-9CB4-086A1BD0318E}.Release|Any CPU.Build.0 = Release|Any CPU
		{F0DDB902-29D6-44C3-8E87-CBF43B96BD12}.Debug|Any CPU.ActiveCfg = Debug|Any CPU
		{F0DDB902-29D6-44C3-8E87-CBF43B96BD12}.Debug|Any CPU.Build.0 = Debug|Any CPU
		{F0DDB902-29D6-44C3-8E87-CBF43B96BD12}.Release|Any CPU.ActiveCfg = Release|Any CPU
		{F0DDB902-29D6-44C3-8E87-CBF43B96BD12}.Release|Any CPU.Build.0 = Release|Any CPU
		{BC7E5585-7877-47D3-AB16-05C35668ACCE}.Debug|Any CPU.ActiveCfg = Debug|Any CPU
		{BC7E5585-7877-47D3-AB16-05C35668ACCE}.Debug|Any CPU.Build.0 = Debug|Any CPU
		{BC7E5585-7877-47D3-AB16-05C35668ACCE}.Release|Any CPU.ActiveCfg = Release|Any CPU
		{BC7E5585-7877-47D3-AB16-05C35668ACCE}.Release|Any CPU.Build.0 = Release|Any CPU
		{D41DDDCF-940D-42C9-B225-9B0B52261481}.Debug|Any CPU.ActiveCfg = Debug|Any CPU
		{D41DDDCF-940D-42C9-B225-9B0B52261481}.Debug|Any CPU.Build.0 = Debug|Any CPU
		{D41DDDCF-940D-42C9-B225-9B0B52261481}.Release|Any CPU.ActiveCfg = Release|Any CPU
		{D41DDDCF-940D-42C9-B225-9B0B52261481}.Release|Any CPU.Build.0 = Release|Any CPU
		{4012619A-B30F-4BDC-8285-F62E692FC9F2}.Debug|Any CPU.ActiveCfg = Debug|Any CPU
		{4012619A-B30F-4BDC-8285-F62E692FC9F2}.Debug|Any CPU.Build.0 = Debug|Any CPU
		{4012619A-B30F-4BDC-8285-F62E692FC9F2}.Release|Any CPU.ActiveCfg = Release|Any CPU
		{4012619A-B30F-4BDC-8285-F62E692FC9F2}.Release|Any CPU.Build.0 = Release|Any CPU
		{5D25EE2F-8D8C-49EB-83EF-0922947E395C}.Debug|Any CPU.ActiveCfg = Debug|Any CPU
		{5D25EE2F-8D8C-49EB-83EF-0922947E395C}.Debug|Any CPU.Build.0 = Debug|Any CPU
		{5D25EE2F-8D8C-49EB-83EF-0922947E395C}.Release|Any CPU.ActiveCfg = Release|Any CPU
		{5D25EE2F-8D8C-49EB-83EF-0922947E395C}.Release|Any CPU.Build.0 = Release|Any CPU
		{0AD0C9B9-7137-4852-8D7B-590E6D56A8A6}.Debug|Any CPU.ActiveCfg = Debug|Any CPU
		{0AD0C9B9-7137-4852-8D7B-590E6D56A8A6}.Debug|Any CPU.Build.0 = Debug|Any CPU
		{0AD0C9B9-7137-4852-8D7B-590E6D56A8A6}.Release|Any CPU.ActiveCfg = Release|Any CPU
		{0AD0C9B9-7137-4852-8D7B-590E6D56A8A6}.Release|Any CPU.Build.0 = Release|Any CPU
	EndGlobalSection
	GlobalSection(SolutionProperties) = preSolution
		HideSolutionNode = FALSE
	EndGlobalSection
	GlobalSection(NestedProjects) = preSolution
		{5AAF4BC4-B619-4416-B11A-59988D52F122} = {F27E3D4C-1B88-402F-AAE3-BF748893E5C2}
		{F27E3D4C-1B88-402F-AAE3-BF748893E5C2} = {43B5A8C4-6DF1-4822-A762-8F6E81D7A50D}
		{72B759CE-806F-4BBF-A261-174C1AD83041} = {43B5A8C4-6DF1-4822-A762-8F6E81D7A50D}
		{7DFA14E1-4CF5-4017-AED5-4A1A5776DE90} = {72B759CE-806F-4BBF-A261-174C1AD83041}
		{04CCA19E-4678-4455-A18F-B3CDD6128A2C} = {72B759CE-806F-4BBF-A261-174C1AD83041}
		{A0889814-0B50-47B8-BD35-AEB581078BF6} = {43B5A8C4-6DF1-4822-A762-8F6E81D7A50D}
		{EC2737E4-5AC9-4087-ACB4-EB43366D7EB8} = {A0889814-0B50-47B8-BD35-AEB581078BF6}
		{13903AFC-69FA-4951-B586-86E7C330AB81} = {A0889814-0B50-47B8-BD35-AEB581078BF6}
		{E3331084-A0AE-4D4D-9AB3-792D214B8975} = {43B5A8C4-6DF1-4822-A762-8F6E81D7A50D}
		{305A0E0C-35FD-4733-8FE9-6AACB6B12EB4} = {E3331084-A0AE-4D4D-9AB3-792D214B8975}
		{11F62584-EE13-4FF2-92B9-EA6373E17312} = {E3331084-A0AE-4D4D-9AB3-792D214B8975}
		{A31D760D-D072-4B25-9CB4-086A1BD0318E} = {E3331084-A0AE-4D4D-9AB3-792D214B8975}
		{41C7AAA6-C378-4BB4-97D9-0CDADBC90624} = {43B5A8C4-6DF1-4822-A762-8F6E81D7A50D}
		{F0DDB902-29D6-44C3-8E87-CBF43B96BD12} = {41C7AAA6-C378-4BB4-97D9-0CDADBC90624}
		{BC7E5585-7877-47D3-AB16-05C35668ACCE} = {41C7AAA6-C378-4BB4-97D9-0CDADBC90624}
		{D41DDDCF-940D-42C9-B225-9B0B52261481} = {41C7AAA6-C378-4BB4-97D9-0CDADBC90624}
		{D6D47E9F-865E-4FDE-94D5-1B19DE295054} = {43B5A8C4-6DF1-4822-A762-8F6E81D7A50D}
		{4012619A-B30F-4BDC-8285-F62E692FC9F2} = {D6D47E9F-865E-4FDE-94D5-1B19DE295054}
		{5D25EE2F-8D8C-49EB-83EF-0922947E395C} = {D6D47E9F-865E-4FDE-94D5-1B19DE295054}
		{0AD0C9B9-7137-4852-8D7B-590E6D56A8A6} = {D6D47E9F-865E-4FDE-94D5-1B19DE295054}
	EndGlobalSection
	GlobalSection(ExtensibilityGlobals) = postSolution
		SolutionGuid = {398437CA-EB7F-4F16-ACEE-7A7D1534AD08}
	EndGlobalSection
EndGlobal
