
Microsoft Visual Studio Solution File, Format Version 12.00
# Visual Studio 15
VisualStudioVersion = 15.0.28307.489
MinimumVisualStudioVersion = 10.0.40219.1
Project("{9A19103F-16F7-4668-BE54-9A1E7A4F7556}") = "CasaDoCodigo.MVC", "depois\Item00\CasaDoCodigo\CasaDoCodigo.MVC.csproj", "{5AAF4BC4-B619-4416-B11A-59988D52F122}"
EndProject
Project("{2150E333-8FDC-42A3-9474-1A3956D46DE8}") = "antes", "antes", "{C89FD6DA-BEF4-413E-AFA1-16DC213174C1}"
EndProject
Project("{2150E333-8FDC-42A3-9474-1A3956D46DE8}") = "depois", "depois", "{43B5A8C4-6DF1-4822-A762-8F6E81D7A50D}"
EndProject
Project("{2150E333-8FDC-42A3-9474-1A3956D46DE8}") = "Item00", "Item00", "{F27E3D4C-1B88-402F-AAE3-BF748893E5C2}"
EndProject
Project("{2150E333-8FDC-42A3-9474-1A3956D46DE8}") = "Item01", "Item01", "{72B759CE-806F-4BBF-A261-174C1AD83041}"
EndProject
Project("{9A19103F-16F7-4668-BE54-9A1E7A4F7556}") = "CasaDoCodigo.MVC", "depois\Item01\CasaDoCodigo\CasaDoCodigo.MVC.csproj", "{7DFA14E1-4CF5-4017-AED5-4A1A5776DE90}"
EndProject
Project("{FAE04EC0-301F-11D3-BF4B-00C04F79EFBC}") = "CasaDoCodigo.RelatorioWebAPI", "depois\Item01\CasaDoCodigo.Relatorio\CasaDoCodigo.RelatorioWebAPI.csproj", "{04CCA19E-4678-4455-A18F-B3CDD6128A2C}"
EndProject
Project("{2150E333-8FDC-42A3-9474-1A3956D46DE8}") = "Item02", "Item02", "{A0889814-0B50-47B8-BD35-AEB581078BF6}"
EndProject
Project("{9A19103F-16F7-4668-BE54-9A1E7A4F7556}") = "CasaDoCodigo.MVC", "depois\Item02\CasaDoCodigo\CasaDoCodigo.MVC.csproj", "{EC2737E4-5AC9-4087-ACB4-EB43366D7EB8}"
EndProject
Project("{9A19103F-16F7-4668-BE54-9A1E7A4F7556}") = "CasaDoCodigo.RelatorioWebAPI", "depois\Item02\CasaDoCodigo.Relatorio\CasaDoCodigo.RelatorioWebAPI.csproj", "{13903AFC-69FA-4951-B586-86E7C330AB81}"
EndProject
Global
	GlobalSection(SolutionConfigurationPlatforms) = preSolution
		Debug|Any CPU = Debug|Any CPU
		Release|Any CPU = Release|Any CPU
	EndGlobalSection
	GlobalSection(ProjectConfigurationPlatforms) = postSolution
		{5AAF4BC4-B619-4416-B11A-59988D52F122}.Debug|Any CPU.ActiveCfg = Debug|Any CPU
		{5AAF4BC4-B619-4416-B11A-59988D52F122}.Debug|Any CPU.Build.0 = Debug|Any CPU
		{5AAF4BC4-B619-4416-B11A-59988D52F122}.Release|Any CPU.ActiveCfg = Release|Any CPU
		{5AAF4BC4-B619-4416-B11A-59988D52F122}.Release|Any CPU.Build.0 = Release|Any CPU
		{7DFA14E1-4CF5-4017-AED5-4A1A5776DE90}.Debug|Any CPU.ActiveCfg = Debug|Any CPU
		{7DFA14E1-4CF5-4017-AED5-4A1A5776DE90}.Debug|Any CPU.Build.0 = Debug|Any CPU
		{7DFA14E1-4CF5-4017-AED5-4A1A5776DE90}.Release|Any CPU.ActiveCfg = Release|Any CPU
		{7DFA14E1-4CF5-4017-AED5-4A1A5776DE90}.Release|Any CPU.Build.0 = Release|Any CPU
		{04CCA19E-4678-4455-A18F-B3CDD6128A2C}.Debug|Any CPU.ActiveCfg = Debug|Any CPU
		{04CCA19E-4678-4455-A18F-B3CDD6128A2C}.Debug|Any CPU.Build.0 = Debug|Any CPU
		{04CCA19E-4678-4455-A18F-B3CDD6128A2C}.Release|Any CPU.ActiveCfg = Release|Any CPU
		{04CCA19E-4678-4455-A18F-B3CDD6128A2C}.Release|Any CPU.Build.0 = Release|Any CPU
		{EC2737E4-5AC9-4087-ACB4-EB43366D7EB8}.Debug|Any CPU.ActiveCfg = Debug|Any CPU
		{EC2737E4-5AC9-4087-ACB4-EB43366D7EB8}.Debug|Any CPU.Build.0 = Debug|Any CPU
		{EC2737E4-5AC9-4087-ACB4-EB43366D7EB8}.Release|Any CPU.ActiveCfg = Release|Any CPU
		{EC2737E4-5AC9-4087-ACB4-EB43366D7EB8}.Release|Any CPU.Build.0 = Release|Any CPU
		{13903AFC-69FA-4951-B586-86E7C330AB81}.Debug|Any CPU.ActiveCfg = Debug|Any CPU
		{13903AFC-69FA-4951-B586-86E7C330AB81}.Debug|Any CPU.Build.0 = Debug|Any CPU
		{13903AFC-69FA-4951-B586-86E7C330AB81}.Release|Any CPU.ActiveCfg = Release|Any CPU
		{13903AFC-69FA-4951-B586-86E7C330AB81}.Release|Any CPU.Build.0 = Release|Any CPU
	EndGlobalSection
	GlobalSection(SolutionProperties) = preSolution
		HideSolutionNode = FALSE
	EndGlobalSection
	GlobalSection(NestedProjects) = preSolution
		{5AAF4BC4-B619-4416-B11A-59988D52F122} = {F27E3D4C-1B88-402F-AAE3-BF748893E5C2}
		{F27E3D4C-1B88-402F-AAE3-BF748893E5C2} = {43B5A8C4-6DF1-4822-A762-8F6E81D7A50D}
		{72B759CE-806F-4BBF-A261-174C1AD83041} = {43B5A8C4-6DF1-4822-A762-8F6E81D7A50D}
		{7DFA14E1-4CF5-4017-AED5-4A1A5776DE90} = {72B759CE-806F-4BBF-A261-174C1AD83041}
		{04CCA19E-4678-4455-A18F-B3CDD6128A2C} = {72B759CE-806F-4BBF-A261-174C1AD83041}
		{A0889814-0B50-47B8-BD35-AEB581078BF6} = {43B5A8C4-6DF1-4822-A762-8F6E81D7A50D}
		{EC2737E4-5AC9-4087-ACB4-EB43366D7EB8} = {A0889814-0B50-47B8-BD35-AEB581078BF6}
		{13903AFC-69FA-4951-B586-86E7C330AB81} = {A0889814-0B50-47B8-BD35-AEB581078BF6}
	EndGlobalSection
	GlobalSection(ExtensibilityGlobals) = postSolution
		SolutionGuid = {398437CA-EB7F-4F16-ACEE-7A7D1534AD08}
	EndGlobalSection
EndGlobal
